
Microsoft Visual Studio Solution File, Format Version 12.00
# Visual Studio Version 17
VisualStudioVersion = 17.1.32210.238
MinimumVisualStudioVersion = 10.0.40219.1
Project("{9A19103F-16F7-4668-BE54-9A1E7A4F7556}") = "Лабораторная 3", "Лабораторная 3\Лабораторная 3.csproj", "{EB4C5461-465D-4207-BDC3-A8AF90B5F837}"
EndProject
Project("{FAE04EC0-301F-11D3-BF4B-00C04F79EFBC}") = "Лабораторная 3Tests", "Лабораторная 3Tests\Лабораторная 3Tests.csproj", "{A1D32889-AEC6-4FC0-BA23-9543C8D20CF5}"
EndProject
Global
	GlobalSection(SolutionConfigurationPlatforms) = preSolution
		Debug|Any CPU = Debug|Any CPU
		Release|Any CPU = Release|Any CPU
	EndGlobalSection
	GlobalSection(ProjectConfigurationPlatforms) = postSolution
		{EB4C5461-465D-4207-BDC3-A8AF90B5F837}.Debug|Any CPU.ActiveCfg = Debug|Any CPU
		{EB4C5461-465D-4207-BDC3-A8AF90B5F837}.Debug|Any CPU.Build.0 = Debug|Any CPU
		{EB4C5461-465D-4207-BDC3-A8AF90B5F837}.Release|Any CPU.ActiveCfg = Release|Any CPU
		{EB4C5461-465D-4207-BDC3-A8AF90B5F837}.Release|Any CPU.Build.0 = Release|Any CPU
		{A1D32889-AEC6-4FC0-BA23-9543C8D20CF5}.Debug|Any CPU.ActiveCfg = Debug|Any CPU
		{A1D32889-AEC6-4FC0-BA23-9543C8D20CF5}.Debug|Any CPU.Build.0 = Debug|Any CPU
		{A1D32889-AEC6-4FC0-BA23-9543C8D20CF5}.Release|Any CPU.ActiveCfg = Release|Any CPU
		{A1D32889-AEC6-4FC0-BA23-9543C8D20CF5}.Release|Any CPU.Build.0 = Release|Any CPU
	EndGlobalSection
	GlobalSection(SolutionProperties) = preSolution
		HideSolutionNode = FALSE
	EndGlobalSection
	GlobalSection(ExtensibilityGlobals) = postSolution
		SolutionGuid = {D89C934A-A541-4FF6-97A2-2BF3717276F0}
	EndGlobalSection
EndGlobal
